
Microsoft Visual Studio Solution File, Format Version 12.00
# Visual Studio Version 16
VisualStudioVersion = 16.0.32002.261
MinimumVisualStudioVersion = 10.0.40219.1
Project("{9A19103F-16F7-4668-BE54-9A1E7A4F7556}") = "Placas", "Placa\Placas.csproj", "{47B010C1-F8BB-4D5A-BBD6-A4D063227358}"
EndProject
Project("{FAE04EC0-301F-11D3-BF4B-00C04F79EFBC}") = "SistemaControlePlaca", "SistemaControlePlaca\SistemaControlePlaca.csproj", "{EA5DAABB-1296-4B38-B569-5F11CC6098BD}"
EndProject
Global
	GlobalSection(SolutionConfigurationPlatforms) = preSolution
		Debug|Any CPU = Debug|Any CPU
		Release|Any CPU = Release|Any CPU
	EndGlobalSection
	GlobalSection(ProjectConfigurationPlatforms) = postSolution
		{47B010C1-F8BB-4D5A-BBD6-A4D063227358}.Debug|Any CPU.ActiveCfg = Debug|Any CPU
		{47B010C1-F8BB-4D5A-BBD6-A4D063227358}.Debug|Any CPU.Build.0 = Debug|Any CPU
		{47B010C1-F8BB-4D5A-BBD6-A4D063227358}.Release|Any CPU.ActiveCfg = Release|Any CPU
		{47B010C1-F8BB-4D5A-BBD6-A4D063227358}.Release|Any CPU.Build.0 = Release|Any CPU
		{EA5DAABB-1296-4B38-B569-5F11CC6098BD}.Debug|Any CPU.ActiveCfg = Debug|Any CPU
		{EA5DAABB-1296-4B38-B569-5F11CC6098BD}.Debug|Any CPU.Build.0 = Debug|Any CPU
		{EA5DAABB-1296-4B38-B569-5F11CC6098BD}.Release|Any CPU.ActiveCfg = Release|Any CPU
		{EA5DAABB-1296-4B38-B569-5F11CC6098BD}.Release|Any CPU.Build.0 = Release|Any CPU
	EndGlobalSection
	GlobalSection(SolutionProperties) = preSolution
		HideSolutionNode = FALSE
	EndGlobalSection
	GlobalSection(ExtensibilityGlobals) = postSolution
		SolutionGuid = {9939AD9D-CEC0-4F01-B19A-4819E77EE0ED}
	EndGlobalSection
EndGlobal
